
Microsoft Visual Studio Solution File, Format Version 12.00
# Visual Studio 15
VisualStudioVersion = 15.0.27130.2020
MinimumVisualStudioVersion = 10.0.40219.1
Project("{FAE04EC0-301F-11D3-BF4B-00C04F79EFBC}") = "RC.FacElecCol.ServicioWCF", "RC.FacElecCol.ServicioWcf\RC.FacElecCol.ServicioWCF.csproj", "{D205EEC1-BC4B-4A93-A2E8-95ED76308984}"
EndProject
Project("{2150E333-8FDC-42A3-9474-1A3956D46DE8}") = "01. Servicios", "01. Servicios", "{7B8793AE-4967-43FC-B1F8-83B40DADEA91}"
EndProject
Project("{2150E333-8FDC-42A3-9474-1A3956D46DE8}") = "02. Fachada", "02. Fachada", "{A01D50C7-73A5-49F4-8A0B-21831BFF35F1}"
EndProject
Project("{2150E333-8FDC-42A3-9474-1A3956D46DE8}") = "03. ReglaNegocio", "03. ReglaNegocio", "{9203B8DB-4E75-4F1D-88FB-DA63064C87C8}"
EndProject
Project("{2150E333-8FDC-42A3-9474-1A3956D46DE8}") = "04. Datos", "04. Datos", "{B32E1ED6-D43E-40A8-ACD4-AD2E126CE709}"
EndProject
Project("{2150E333-8FDC-42A3-9474-1A3956D46DE8}") = "05. Transversal", "05. Transversal", "{CA88AC22-EC40-4316-ADFD-3D7AACB76A85}"
EndProject
Project("{2150E333-8FDC-42A3-9474-1A3956D46DE8}") = "06. Pruebas", "06. Pruebas", "{F62AAF0E-00BE-4E39-8714-B0E929494820}"
EndProject
Project("{FAE04EC0-301F-11D3-BF4B-00C04F79EFBC}") = "RC.FacElecCol.Comun", "RC.FacElecCol.Comun\RC.FacElecCol.Comun.csproj", "{65022FAD-0B88-49EA-B17D-531AADA69949}"
EndProject
Project("{FAE04EC0-301F-11D3-BF4B-00C04F79EFBC}") = "RC.FacElecCol.Dependencia", "RC.FacElecCol.Dependencia\RC.FacElecCol.Dependencia.csproj", "{81043323-78A6-40BB-B86A-7FA9F0D8469C}"
EndProject
Project("{FAE04EC0-301F-11D3-BF4B-00C04F79EFBC}") = "RC.FacElecCol.Modelo", "RC.FacElecCol.Modelo\RC.FacElecCol.Modelo.csproj", "{CC85C3E6-8709-49DE-A86D-6ED2ADB18263}"
EndProject
Project("{FAE04EC0-301F-11D3-BF4B-00C04F79EFBC}") = "RC.FacElecCol.Utilidad", "RC.FacElecCol.Utilidad\RC.FacElecCol.Utilidad.csproj", "{D3845DAB-4C84-4137-BC4A-69F48E7ADB46}"
EndProject
Project("{FAE04EC0-301F-11D3-BF4B-00C04F79EFBC}") = "RC.FacElecCol.PruebaUnitaria", "RC.FacElecCol.PruebaUnitaria\RC.FacElecCol.PruebaUnitaria.csproj", "{4430F849-12C3-421A-993B-516FA133AE8B}"
EndProject
Project("{FAE04EC0-301F-11D3-BF4B-00C04F79EFBC}") = "RC.FacElecCol.ModeloDatos", "RC.FacElecCol.ModeloDatos\RC.FacElecCol.ModeloDatos.csproj", "{672B3584-F069-43B0-8F80-984497E21507}"
EndProject
Project("{FAE04EC0-301F-11D3-BF4B-00C04F79EFBC}") = "RC.FacElecCol.Repositorio", "RC.FacElecCol.Repositorio\RC.FacElecCol.Repositorio.csproj", "{03F25605-6AF0-4A4E-A32C-AFEC71C099EC}"
EndProject
Project("{FAE04EC0-301F-11D3-BF4B-00C04F79EFBC}") = "RC.FacElecCol.ReglasNegocio", "RC.FacElecCol.ReglasNegocio\RC.FacElecCol.ReglasNegocio.csproj", "{8EDACEBB-8031-42CA-BD32-67C1B53199D1}"
EndProject
Project("{FAE04EC0-301F-11D3-BF4B-00C04F79EFBC}") = "RC.FacElecCol.Fachada", "RC.FacElecCol.Fachada\RC.FacElecCol.Fachada.csproj", "{F5998B2C-AF38-4847-9EB1-8448C980464A}"
EndProject
Project("{FAE04EC0-301F-11D3-BF4B-00C04F79EFBC}") = "RC.FacElecCol.Aspecto", "RC.FacElecCol.Aspecto\RC.FacElecCol.Aspecto.csproj", "{C6B6D2A3-E264-4049-9DD7-690265ABDC05}"
EndProject
Global
	GlobalSection(SolutionConfigurationPlatforms) = preSolution
		Debug|Any CPU = Debug|Any CPU
		Release|Any CPU = Release|Any CPU
	EndGlobalSection
	GlobalSection(ProjectConfigurationPlatforms) = postSolution
		{D205EEC1-BC4B-4A93-A2E8-95ED76308984}.Debug|Any CPU.ActiveCfg = Debug|Any CPU
		{D205EEC1-BC4B-4A93-A2E8-95ED76308984}.Debug|Any CPU.Build.0 = Debug|Any CPU
		{D205EEC1-BC4B-4A93-A2E8-95ED76308984}.Release|Any CPU.ActiveCfg = Release|Any CPU
		{D205EEC1-BC4B-4A93-A2E8-95ED76308984}.Release|Any CPU.Build.0 = Release|Any CPU
		{65022FAD-0B88-49EA-B17D-531AADA69949}.Debug|Any CPU.ActiveCfg = Debug|Any CPU
		{65022FAD-0B88-49EA-B17D-531AADA69949}.Debug|Any CPU.Build.0 = Debug|Any CPU
		{65022FAD-0B88-49EA-B17D-531AADA69949}.Release|Any CPU.ActiveCfg = Release|Any CPU
		{65022FAD-0B88-49EA-B17D-531AADA69949}.Release|Any CPU.Build.0 = Release|Any CPU
		{81043323-78A6-40BB-B86A-7FA9F0D8469C}.Debug|Any CPU.ActiveCfg = Debug|Any CPU
		{81043323-78A6-40BB-B86A-7FA9F0D8469C}.Debug|Any CPU.Build.0 = Debug|Any CPU
		{81043323-78A6-40BB-B86A-7FA9F0D8469C}.Release|Any CPU.ActiveCfg = Release|Any CPU
		{81043323-78A6-40BB-B86A-7FA9F0D8469C}.Release|Any CPU.Build.0 = Release|Any CPU
		{CC85C3E6-8709-49DE-A86D-6ED2ADB18263}.Debug|Any CPU.ActiveCfg = Debug|Any CPU
		{CC85C3E6-8709-49DE-A86D-6ED2ADB18263}.Debug|Any CPU.Build.0 = Debug|Any CPU
		{CC85C3E6-8709-49DE-A86D-6ED2ADB18263}.Release|Any CPU.ActiveCfg = Release|Any CPU
		{CC85C3E6-8709-49DE-A86D-6ED2ADB18263}.Release|Any CPU.Build.0 = Release|Any CPU
		{D3845DAB-4C84-4137-BC4A-69F48E7ADB46}.Debug|Any CPU.ActiveCfg = Debug|Any CPU
		{D3845DAB-4C84-4137-BC4A-69F48E7ADB46}.Debug|Any CPU.Build.0 = Debug|Any CPU
		{D3845DAB-4C84-4137-BC4A-69F48E7ADB46}.Release|Any CPU.ActiveCfg = Release|Any CPU
		{D3845DAB-4C84-4137-BC4A-69F48E7ADB46}.Release|Any CPU.Build.0 = Release|Any CPU
		{4430F849-12C3-421A-993B-516FA133AE8B}.Debug|Any CPU.ActiveCfg = Debug|Any CPU
		{4430F849-12C3-421A-993B-516FA133AE8B}.Debug|Any CPU.Build.0 = Debug|Any CPU
		{4430F849-12C3-421A-993B-516FA133AE8B}.Release|Any CPU.ActiveCfg = Release|Any CPU
		{4430F849-12C3-421A-993B-516FA133AE8B}.Release|Any CPU.Build.0 = Release|Any CPU
		{672B3584-F069-43B0-8F80-984497E21507}.Debug|Any CPU.ActiveCfg = Debug|Any CPU
		{672B3584-F069-43B0-8F80-984497E21507}.Debug|Any CPU.Build.0 = Debug|Any CPU
		{672B3584-F069-43B0-8F80-984497E21507}.Release|Any CPU.ActiveCfg = Release|Any CPU
		{672B3584-F069-43B0-8F80-984497E21507}.Release|Any CPU.Build.0 = Release|Any CPU
		{03F25605-6AF0-4A4E-A32C-AFEC71C099EC}.Debug|Any CPU.ActiveCfg = Debug|Any CPU
		{03F25605-6AF0-4A4E-A32C-AFEC71C099EC}.Debug|Any CPU.Build.0 = Debug|Any CPU
		{03F25605-6AF0-4A4E-A32C-AFEC71C099EC}.Release|Any CPU.ActiveCfg = Release|Any CPU
		{03F25605-6AF0-4A4E-A32C-AFEC71C099EC}.Release|Any CPU.Build.0 = Release|Any CPU
		{8EDACEBB-8031-42CA-BD32-67C1B53199D1}.Debug|Any CPU.ActiveCfg = Debug|Any CPU
		{8EDACEBB-8031-42CA-BD32-67C1B53199D1}.Debug|Any CPU.Build.0 = Debug|Any CPU
		{8EDACEBB-8031-42CA-BD32-67C1B53199D1}.Release|Any CPU.ActiveCfg = Release|Any CPU
		{8EDACEBB-8031-42CA-BD32-67C1B53199D1}.Release|Any CPU.Build.0 = Release|Any CPU
		{F5998B2C-AF38-4847-9EB1-8448C980464A}.Debug|Any CPU.ActiveCfg = Debug|Any CPU
		{F5998B2C-AF38-4847-9EB1-8448C980464A}.Debug|Any CPU.Build.0 = Debug|Any CPU
		{F5998B2C-AF38-4847-9EB1-8448C980464A}.Release|Any CPU.ActiveCfg = Release|Any CPU
		{F5998B2C-AF38-4847-9EB1-8448C980464A}.Release|Any CPU.Build.0 = Release|Any CPU
		{C6B6D2A3-E264-4049-9DD7-690265ABDC05}.Debug|Any CPU.ActiveCfg = Debug|Any CPU
		{C6B6D2A3-E264-4049-9DD7-690265ABDC05}.Debug|Any CPU.Build.0 = Debug|Any CPU
		{C6B6D2A3-E264-4049-9DD7-690265ABDC05}.Release|Any CPU.ActiveCfg = Release|Any CPU
		{C6B6D2A3-E264-4049-9DD7-690265ABDC05}.Release|Any CPU.Build.0 = Release|Any CPU
	EndGlobalSection
	GlobalSection(SolutionProperties) = preSolution
		HideSolutionNode = FALSE
	EndGlobalSection
	GlobalSection(NestedProjects) = preSolution
		{D205EEC1-BC4B-4A93-A2E8-95ED76308984} = {7B8793AE-4967-43FC-B1F8-83B40DADEA91}
		{65022FAD-0B88-49EA-B17D-531AADA69949} = {CA88AC22-EC40-4316-ADFD-3D7AACB76A85}
		{81043323-78A6-40BB-B86A-7FA9F0D8469C} = {CA88AC22-EC40-4316-ADFD-3D7AACB76A85}
		{CC85C3E6-8709-49DE-A86D-6ED2ADB18263} = {CA88AC22-EC40-4316-ADFD-3D7AACB76A85}
		{D3845DAB-4C84-4137-BC4A-69F48E7ADB46} = {CA88AC22-EC40-4316-ADFD-3D7AACB76A85}
		{4430F849-12C3-421A-993B-516FA133AE8B} = {F62AAF0E-00BE-4E39-8714-B0E929494820}
		{672B3584-F069-43B0-8F80-984497E21507} = {B32E1ED6-D43E-40A8-ACD4-AD2E126CE709}
		{03F25605-6AF0-4A4E-A32C-AFEC71C099EC} = {B32E1ED6-D43E-40A8-ACD4-AD2E126CE709}
		{8EDACEBB-8031-42CA-BD32-67C1B53199D1} = {9203B8DB-4E75-4F1D-88FB-DA63064C87C8}
		{F5998B2C-AF38-4847-9EB1-8448C980464A} = {A01D50C7-73A5-49F4-8A0B-21831BFF35F1}
		{C6B6D2A3-E264-4049-9DD7-690265ABDC05} = {A01D50C7-73A5-49F4-8A0B-21831BFF35F1}
	EndGlobalSection
	GlobalSection(ExtensibilityGlobals) = postSolution
		SolutionGuid = {CFB9F856-66C4-422B-B72B-B8C51FCD4969}
	EndGlobalSection
EndGlobal
